// !$*UTF8*$!
{
	archiveVersion = 1;
	classes = {
	};
	objectVersion = 56;
	objects = {

/* Begin PBXBuildFile section */
		C4D40E62290D1FF500CB2656 /* AppDelegate.swift in Sources */ = {isa = PBXBuildFile; fileRef = C4D40E61290D1FF500CB2656 /* AppDelegate.swift */; };
		C4D40E64290D1FF500CB2656 /* SceneDelegate.swift in Sources */ = {isa = PBXBuildFile; fileRef = C4D40E63290D1FF500CB2656 /* SceneDelegate.swift */; };
		C4D40E66290D1FF500CB2656 /* MainTabBarViewController.swift in Sources */ = {isa = PBXBuildFile; fileRef = C4D40E65290D1FF500CB2656 /* MainTabBarViewController.swift */; };
		C4D40E6B290D1FF800CB2656 /* Assets.xcassets in Resources */ = {isa = PBXBuildFile; fileRef = C4D40E6A290D1FF800CB2656 /* Assets.xcassets */; };
		C4D40E6E290D1FF800CB2656 /* LaunchScreen.storyboard in Resources */ = {isa = PBXBuildFile; fileRef = C4D40E6C290D1FF800CB2656 /* LaunchScreen.storyboard */; };
		C4D40E77290D224400CB2656 /* HomeViewController.swift in Sources */ = {isa = PBXBuildFile; fileRef = C4D40E76290D224400CB2656 /* HomeViewController.swift */; };
		C4D40E79290D227800CB2656 /* UpcomingViewController.swift in Sources */ = {isa = PBXBuildFile; fileRef = C4D40E78290D227800CB2656 /* UpcomingViewController.swift */; };
		C4D40E7B290D22B300CB2656 /* SearchViewController.swift in Sources */ = {isa = PBXBuildFile; fileRef = C4D40E7A290D22B300CB2656 /* SearchViewController.swift */; };
		C4D40E7D290D22D300CB2656 /* DownloadsViewController.swift in Sources */ = {isa = PBXBuildFile; fileRef = C4D40E7C290D22D300CB2656 /* DownloadsViewController.swift */; };
		C4D40E84290D2F3000CB2656 /* CollectionViewTableViewCell.swift in Sources */ = {isa = PBXBuildFile; fileRef = C4D40E83290D2F3000CB2656 /* CollectionViewTableViewCell.swift */; };
		C4D40E86290D49A300CB2656 /* HeroHeaderUIView.swift in Sources */ = {isa = PBXBuildFile; fileRef = C4D40E85290D49A300CB2656 /* HeroHeaderUIView.swift */; };
		C4D40E88290D68C200CB2656 /* APICaller.swift in Sources */ = {isa = PBXBuildFile; fileRef = C4D40E87290D68C200CB2656 /* APICaller.swift */; };
		C4D40E8A290D6C5F00CB2656 /* Title.swift in Sources */ = {isa = PBXBuildFile; fileRef = C4D40E89290D6C5F00CB2656 /* Title.swift */; };
		C4D40E8C290D702300CB2656 /* Extensions.swift in Sources */ = {isa = PBXBuildFile; fileRef = C4D40E8B290D702300CB2656 /* Extensions.swift */; };
		C4D40E90290F0B6700CB2656 /* TitleCollectionViewCell.swift in Sources */ = {isa = PBXBuildFile; fileRef = C4D40E8F290F0B6700CB2656 /* TitleCollectionViewCell.swift */; };
		C4D40E93290F0CB000CB2656 /* SDWebImage in Frameworks */ = {isa = PBXBuildFile; productRef = C4D40E92290F0CB000CB2656 /* SDWebImage */; };
		C4D40E95290F1A7100CB2656 /* TitleTableViewCell.swift in Sources */ = {isa = PBXBuildFile; fileRef = C4D40E94290F1A7100CB2656 /* TitleTableViewCell.swift */; };
		C4D40E97290F1D3700CB2656 /* TitleViewModel.swift in Sources */ = {isa = PBXBuildFile; fileRef = C4D40E96290F1D3700CB2656 /* TitleViewModel.swift */; };
		C4D40EC1291311F800CB2656 /* SearchResultsViewController.swift in Sources */ = {isa = PBXBuildFile; fileRef = C4D40EC0291311F700CB2656 /* SearchResultsViewController.swift */; };
/* End PBXBuildFile section */

/* Begin PBXFileReference section */
		C4D40E5E290D1FF500CB2656 /* Netflix.app */ = {isa = PBXFileReference; explicitFileType = wrapper.application; includeInIndex = 0; path = Netflix.app; sourceTree = BUILT_PRODUCTS_DIR; };
		C4D40E61290D1FF500CB2656 /* AppDelegate.swift */ = {isa = PBXFileReference; lastKnownFileType = sourcecode.swift; path = AppDelegate.swift; sourceTree = "<group>"; };
		C4D40E63290D1FF500CB2656 /* SceneDelegate.swift */ = {isa = PBXFileReference; lastKnownFileType = sourcecode.swift; path = SceneDelegate.swift; sourceTree = "<group>"; };
		C4D40E65290D1FF500CB2656 /* MainTabBarViewController.swift */ = {isa = PBXFileReference; lastKnownFileType = sourcecode.swift; path = MainTabBarViewController.swift; sourceTree = "<group>"; };
		C4D40E6A290D1FF800CB2656 /* Assets.xcassets */ = {isa = PBXFileReference; lastKnownFileType = folder.assetcatalog; path = Assets.xcassets; sourceTree = "<group>"; };
		C4D40E6D290D1FF800CB2656 /* Base */ = {isa = PBXFileReference; lastKnownFileType = file.storyboard; name = Base; path = Base.lproj/LaunchScreen.storyboard; sourceTree = "<group>"; };
		C4D40E6F290D1FF800CB2656 /* Info.plist */ = {isa = PBXFileReference; lastKnownFileType = text.plist.xml; path = Info.plist; sourceTree = "<group>"; };
		C4D40E76290D224400CB2656 /* HomeViewController.swift */ = {isa = PBXFileReference; lastKnownFileType = sourcecode.swift; path = HomeViewController.swift; sourceTree = "<group>"; };
		C4D40E78290D227800CB2656 /* UpcomingViewController.swift */ = {isa = PBXFileReference; lastKnownFileType = sourcecode.swift; path = UpcomingViewController.swift; sourceTree = "<group>"; };
		C4D40E7A290D22B300CB2656 /* SearchViewController.swift */ = {isa = PBXFileReference; lastKnownFileType = sourcecode.swift; path = SearchViewController.swift; sourceTree = "<group>"; };
		C4D40E7C290D22D300CB2656 /* DownloadsViewController.swift */ = {isa = PBXFileReference; lastKnownFileType = sourcecode.swift; path = DownloadsViewController.swift; sourceTree = "<group>"; };
		C4D40E83290D2F3000CB2656 /* CollectionViewTableViewCell.swift */ = {isa = PBXFileReference; lastKnownFileType = sourcecode.swift; path = CollectionViewTableViewCell.swift; sourceTree = "<group>"; };
		C4D40E85290D49A300CB2656 /* HeroHeaderUIView.swift */ = {isa = PBXFileReference; lastKnownFileType = sourcecode.swift; path = HeroHeaderUIView.swift; sourceTree = "<group>"; };
		C4D40E87290D68C200CB2656 /* APICaller.swift */ = {isa = PBXFileReference; lastKnownFileType = sourcecode.swift; path = APICaller.swift; sourceTree = "<group>"; };
		C4D40E89290D6C5F00CB2656 /* Title.swift */ = {isa = PBXFileReference; lastKnownFileType = sourcecode.swift; path = Title.swift; sourceTree = "<group>"; };
		C4D40E8B290D702300CB2656 /* Extensions.swift */ = {isa = PBXFileReference; lastKnownFileType = sourcecode.swift; path = Extensions.swift; sourceTree = "<group>"; };
		C4D40E8F290F0B6700CB2656 /* TitleCollectionViewCell.swift */ = {isa = PBXFileReference; lastKnownFileType = sourcecode.swift; path = TitleCollectionViewCell.swift; sourceTree = "<group>"; };
		C4D40E94290F1A7100CB2656 /* TitleTableViewCell.swift */ = {isa = PBXFileReference; lastKnownFileType = sourcecode.swift; path = TitleTableViewCell.swift; sourceTree = "<group>"; };
		C4D40E96290F1D3700CB2656 /* TitleViewModel.swift */ = {isa = PBXFileReference; lastKnownFileType = sourcecode.swift; path = TitleViewModel.swift; sourceTree = "<group>"; };
		C4D40EC0291311F700CB2656 /* SearchResultsViewController.swift */ = {isa = PBXFileReference; lastKnownFileType = sourcecode.swift; path = SearchResultsViewController.swift; sourceTree = "<group>"; };
/* End PBXFileReference section */

/* Begin PBXFrameworksBuildPhase section */
		C4D40E5B290D1FF500CB2656 /* Frameworks */ = {
			isa = PBXFrameworksBuildPhase;
			buildActionMask = 2147483647;
			files = (
				C4D40E93290F0CB000CB2656 /* SDWebImage in Frameworks */,
			);
			runOnlyForDeploymentPostprocessing = 0;
		};
/* End PBXFrameworksBuildPhase section */

/* Begin PBXGroup section */
		C4D40E55290D1FF500CB2656 = {
			isa = PBXGroup;
			children = (
				C4D40E60290D1FF500CB2656 /* Netflix */,
				C4D40E5F290D1FF500CB2656 /* Products */,
			);
			sourceTree = "<group>";
		};
		C4D40E5F290D1FF500CB2656 /* Products */ = {
			isa = PBXGroup;
			children = (
				C4D40E5E290D1FF500CB2656 /* Netflix.app */,
			);
			name = Products;
			sourceTree = "<group>";
		};
		C4D40E60290D1FF500CB2656 /* Netflix */ = {
			isa = PBXGroup;
			children = (
				C4D40E82290D2EF500CB2656 /* Managers */,
				C4D40E81290D2EEE00CB2656 /* Resources */,
				C4D40E7E290D2E9100CB2656 /* Views */,
				C4D40E80290D2ED500CB2656 /* Models */,
				C4D40E7F290D2EC800CB2656 /* ViewModels */,
				C4D40E75290D220B00CB2656 /* Controllers */,
				C4D40E61290D1FF500CB2656 /* AppDelegate.swift */,
				C4D40E63290D1FF500CB2656 /* SceneDelegate.swift */,
				C4D40E65290D1FF500CB2656 /* MainTabBarViewController.swift */,
				C4D40E6A290D1FF800CB2656 /* Assets.xcassets */,
				C4D40E6C290D1FF800CB2656 /* LaunchScreen.storyboard */,
				C4D40E6F290D1FF800CB2656 /* Info.plist */,
			);
			path = Netflix;
			sourceTree = "<group>";
		};
		C4D40E75290D220B00CB2656 /* Controllers */ = {
			isa = PBXGroup;
			children = (
				C4D40EC32913123F00CB2656 /* General */,
				C4D40EC22913122400CB2656 /* Core */,
			);
			path = Controllers;
			sourceTree = "<group>";
		};
		C4D40E7E290D2E9100CB2656 /* Views */ = {
			isa = PBXGroup;
			children = (
				C4D40E83290D2F3000CB2656 /* CollectionViewTableViewCell.swift */,
				C4D40E85290D49A300CB2656 /* HeroHeaderUIView.swift */,
				C4D40E8F290F0B6700CB2656 /* TitleCollectionViewCell.swift */,
				C4D40E94290F1A7100CB2656 /* TitleTableViewCell.swift */,
			);
			path = Views;
			sourceTree = "<group>";
		};
		C4D40E7F290D2EC800CB2656 /* ViewModels */ = {
			isa = PBXGroup;
			children = (
				C4D40E96290F1D3700CB2656 /* TitleViewModel.swift */,
			);
			path = ViewModels;
			sourceTree = "<group>";
		};
		C4D40E80290D2ED500CB2656 /* Models */ = {
			isa = PBXGroup;
			children = (
				C4D40E89290D6C5F00CB2656 /* Title.swift */,
			);
			path = Models;
			sourceTree = "<group>";
		};
		C4D40E81290D2EEE00CB2656 /* Resources */ = {
			isa = PBXGroup;
			children = (
				C4D40E8B290D702300CB2656 /* Extensions.swift */,
			);
			path = Resources;
			sourceTree = "<group>";
		};
		C4D40E82290D2EF500CB2656 /* Managers */ = {
			isa = PBXGroup;
			children = (
				C4D40E87290D68C200CB2656 /* APICaller.swift */,
			);
			path = Managers;
			sourceTree = "<group>";
		};
		C4D40EC22913122400CB2656 /* Core */ = {
			isa = PBXGroup;
			children = (
				C4D40E76290D224400CB2656 /* HomeViewController.swift */,
				C4D40E78290D227800CB2656 /* UpcomingViewController.swift */,
				C4D40E7A290D22B300CB2656 /* SearchViewController.swift */,
				C4D40E7C290D22D300CB2656 /* DownloadsViewController.swift */,
			);
			path = Core;
			sourceTree = "<group>";
		};
		C4D40EC32913123F00CB2656 /* General */ = {
			isa = PBXGroup;
			children = (
				C4D40EC0291311F700CB2656 /* SearchResultsViewController.swift */,
			);
			path = General;
			sourceTree = "<group>";
		};
/* End PBXGroup section */

/* Begin PBXNativeTarget section */
		C4D40E5D290D1FF500CB2656 /* Netflix */ = {
			isa = PBXNativeTarget;
			buildConfigurationList = C4D40E72290D1FF800CB2656 /* Build configuration list for PBXNativeTarget "Netflix" */;
			buildPhases = (
				C4D40E5A290D1FF500CB2656 /* Sources */,
				C4D40E5B290D1FF500CB2656 /* Frameworks */,
				C4D40E5C290D1FF500CB2656 /* Resources */,
			);
			buildRules = (
			);
			dependencies = (
			);
			name = Netflix;
			packageProductDependencies = (
				C4D40E92290F0CB000CB2656 /* SDWebImage */,
			);
			productName = Netflix;
			productReference = C4D40E5E290D1FF500CB2656 /* Netflix.app */;
			productType = "com.apple.product-type.application";
		};
/* End PBXNativeTarget section */

/* Begin PBXProject section */
		C4D40E56290D1FF500CB2656 /* Project object */ = {
			isa = PBXProject;
			attributes = {
				BuildIndependentTargetsInParallel = 1;
				LastSwiftUpdateCheck = 1400;
				LastUpgradeCheck = 1400;
				TargetAttributes = {
					C4D40E5D290D1FF500CB2656 = {
						CreatedOnToolsVersion = 14.0.1;
					};
				};
			};
			buildConfigurationList = C4D40E59290D1FF500CB2656 /* Build configuration list for PBXProject "Netflix" */;
			compatibilityVersion = "Xcode 14.0";
			developmentRegion = en;
			hasScannedForEncodings = 0;
			knownRegions = (
				en,
				Base,
			);
			mainGroup = C4D40E55290D1FF500CB2656;
			packageReferences = (
				C4D40E91290F0CB000CB2656 /* XCRemoteSwiftPackageReference "SDWebImage" */,
			);
			productRefGroup = C4D40E5F290D1FF500CB2656 /* Products */;
			projectDirPath = "";
			projectRoot = "";
			targets = (
				C4D40E5D290D1FF500CB2656 /* Netflix */,
			);
		};
/* End PBXProject section */

/* Begin PBXResourcesBuildPhase section */
		C4D40E5C290D1FF500CB2656 /* Resources */ = {
			isa = PBXResourcesBuildPhase;
			buildActionMask = 2147483647;
			files = (
				C4D40E6E290D1FF800CB2656 /* LaunchScreen.storyboard in Resources */,
				C4D40E6B290D1FF800CB2656 /* Assets.xcassets in Resources */,
			);
			runOnlyForDeploymentPostprocessing = 0;
		};
/* End PBXResourcesBuildPhase section */

/* Begin PBXSourcesBuildPhase section */
		C4D40E5A290D1FF500CB2656 /* Sources */ = {
			isa = PBXSourcesBuildPhase;
			buildActionMask = 2147483647;
			files = (
				C4D40E95290F1A7100CB2656 /* TitleTableViewCell.swift in Sources */,
				C4D40E7B290D22B300CB2656 /* SearchViewController.swift in Sources */,
				C4D40E66290D1FF500CB2656 /* MainTabBarViewController.swift in Sources */,
				C4D40E84290D2F3000CB2656 /* CollectionViewTableViewCell.swift in Sources */,
				C4D40E88290D68C200CB2656 /* APICaller.swift in Sources */,
				C4D40E86290D49A300CB2656 /* HeroHeaderUIView.swift in Sources */,
				C4D40E7D290D22D300CB2656 /* DownloadsViewController.swift in Sources */,
				C4D40E62290D1FF500CB2656 /* AppDelegate.swift in Sources */,
				C4D40E90290F0B6700CB2656 /* TitleCollectionViewCell.swift in Sources */,
				C4D40EC1291311F800CB2656 /* SearchResultsViewController.swift in Sources */,
				C4D40E8C290D702300CB2656 /* Extensions.swift in Sources */,
				C4D40E64290D1FF500CB2656 /* SceneDelegate.swift in Sources */,
				C4D40E79290D227800CB2656 /* UpcomingViewController.swift in Sources */,
				C4D40E8A290D6C5F00CB2656 /* Title.swift in Sources */,
				C4D40E77290D224400CB2656 /* HomeViewController.swift in Sources */,
				C4D40E97290F1D3700CB2656 /* TitleViewModel.swift in Sources */,
			);
			runOnlyForDeploymentPostprocessing = 0;
		};
/* End PBXSourcesBuildPhase section */

/* Begin PBXVariantGroup section */
		C4D40E6C290D1FF800CB2656 /* LaunchScreen.storyboard */ = {
			isa = PBXVariantGroup;
			children = (
				C4D40E6D290D1FF800CB2656 /* Base */,
			);
			name = LaunchScreen.storyboard;
			sourceTree = "<group>";
		};
/* End PBXVariantGroup section */

/* Begin XCBuildConfiguration section */
		C4D40E70290D1FF800CB2656 /* Debug */ = {
			isa = XCBuildConfiguration;
			buildSettings = {
				ALWAYS_SEARCH_USER_PATHS = NO;
				CLANG_ANALYZER_NONNULL = YES;
				CLANG_ANALYZER_NUMBER_OBJECT_CONVERSION = YES_AGGRESSIVE;
				CLANG_CXX_LANGUAGE_STANDARD = "gnu++20";
				CLANG_ENABLE_MODULES = YES;
				CLANG_ENABLE_OBJC_ARC = YES;
				CLANG_ENABLE_OBJC_WEAK = YES;
				CLANG_WARN_BLOCK_CAPTURE_AUTORELEASING = YES;
				CLANG_WARN_BOOL_CONVERSION = YES;
				CLANG_WARN_COMMA = YES;
				CLANG_WARN_CONSTANT_CONVERSION = YES;
				CLANG_WARN_DEPRECATED_OBJC_IMPLEMENTATIONS = YES;
				CLANG_WARN_DIRECT_OBJC_ISA_USAGE = YES_ERROR;
				CLANG_WARN_DOCUMENTATION_COMMENTS = YES;
				CLANG_WARN_EMPTY_BODY = YES;
				CLANG_WARN_ENUM_CONVERSION = YES;
				CLANG_WARN_INFINITE_RECURSION = YES;
				CLANG_WARN_INT_CONVERSION = YES;
				CLANG_WARN_NON_LITERAL_NULL_CONVERSION = YES;
				CLANG_WARN_OBJC_IMPLICIT_RETAIN_SELF = YES;
				CLANG_WARN_OBJC_LITERAL_CONVERSION = YES;
				CLANG_WARN_OBJC_ROOT_CLASS = YES_ERROR;
				CLANG_WARN_QUOTED_INCLUDE_IN_FRAMEWORK_HEADER = YES;
				CLANG_WARN_RANGE_LOOP_ANALYSIS = YES;
				CLANG_WARN_STRICT_PROTOTYPES = YES;
				CLANG_WARN_SUSPICIOUS_MOVE = YES;
				CLANG_WARN_UNGUARDED_AVAILABILITY = YES_AGGRESSIVE;
				CLANG_WARN_UNREACHABLE_CODE = YES;
				CLANG_WARN__DUPLICATE_METHOD_MATCH = YES;
				COPY_PHASE_STRIP = NO;
				DEBUG_INFORMATION_FORMAT = dwarf;
				ENABLE_STRICT_OBJC_MSGSEND = YES;
				ENABLE_TESTABILITY = YES;
				GCC_C_LANGUAGE_STANDARD = gnu11;
				GCC_DYNAMIC_NO_PIC = NO;
				GCC_NO_COMMON_BLOCKS = YES;
				GCC_OPTIMIZATION_LEVEL = 0;
				GCC_PREPROCESSOR_DEFINITIONS = (
					"DEBUG=1",
					"$(inherited)",
				);
				GCC_WARN_64_TO_32_BIT_CONVERSION = YES;
				GCC_WARN_ABOUT_RETURN_TYPE = YES_ERROR;
				GCC_WARN_UNDECLARED_SELECTOR = YES;
				GCC_WARN_UNINITIALIZED_AUTOS = YES_AGGRESSIVE;
				GCC_WARN_UNUSED_FUNCTION = YES;
				GCC_WARN_UNUSED_VARIABLE = YES;
				IPHONEOS_DEPLOYMENT_TARGET = 16.0;
				MTL_ENABLE_DEBUG_INFO = INCLUDE_SOURCE;
				MTL_FAST_MATH = YES;
				ONLY_ACTIVE_ARCH = YES;
				SDKROOT = iphoneos;
				SWIFT_ACTIVE_COMPILATION_CONDITIONS = DEBUG;
				SWIFT_OPTIMIZATION_LEVEL = "-Onone";
			};
			name = Debug;
		};
		C4D40E71290D1FF800CB2656 /* Release */ = {
			isa = XCBuildConfiguration;
			buildSettings = {
				ALWAYS_SEARCH_USER_PATHS = NO;
				CLANG_ANALYZER_NONNULL = YES;
				CLANG_ANALYZER_NUMBER_OBJECT_CONVERSION = YES_AGGRESSIVE;
				CLANG_CXX_LANGUAGE_STANDARD = "gnu++20";
				CLANG_ENABLE_MODULES = YES;
				CLANG_ENABLE_OBJC_ARC = YES;
				CLANG_ENABLE_OBJC_WEAK = YES;
				CLANG_WARN_BLOCK_CAPTURE_AUTORELEASING = YES;
				CLANG_WARN_BOOL_CONVERSION = YES;
				CLANG_WARN_COMMA = YES;
				CLANG_WARN_CONSTANT_CONVERSION = YES;
				CLANG_WARN_DEPRECATED_OBJC_IMPLEMENTATIONS = YES;
				CLANG_WARN_DIRECT_OBJC_ISA_USAGE = YES_ERROR;
				CLANG_WARN_DOCUMENTATION_COMMENTS = YES;
				CLANG_WARN_EMPTY_BODY = YES;
				CLANG_WARN_ENUM_CONVERSION = YES;
				CLANG_WARN_INFINITE_RECURSION = YES;
				CLANG_WARN_INT_CONVERSION = YES;
				CLANG_WARN_NON_LITERAL_NULL_CONVERSION = YES;
				CLANG_WARN_OBJC_IMPLICIT_RETAIN_SELF = YES;
				CLANG_WARN_OBJC_LITERAL_CONVERSION = YES;
				CLANG_WARN_OBJC_ROOT_CLASS = YES_ERROR;
				CLANG_WARN_QUOTED_INCLUDE_IN_FRAMEWORK_HEADER = YES;
				CLANG_WARN_RANGE_LOOP_ANALYSIS = YES;
				CLANG_WARN_STRICT_PROTOTYPES = YES;
				CLANG_WARN_SUSPICIOUS_MOVE = YES;
				CLANG_WARN_UNGUARDED_AVAILABILITY = YES_AGGRESSIVE;
				CLANG_WARN_UNREACHABLE_CODE = YES;
				CLANG_WARN__DUPLICATE_METHOD_MATCH = YES;
				COPY_PHASE_STRIP = NO;
				DEBUG_INFORMATION_FORMAT = "dwarf-with-dsym";
				ENABLE_NS_ASSERTIONS = NO;
				ENABLE_STRICT_OBJC_MSGSEND = YES;
				GCC_C_LANGUAGE_STANDARD = gnu11;
				GCC_NO_COMMON_BLOCKS = YES;
				GCC_WARN_64_TO_32_BIT_CONVERSION = YES;
				GCC_WARN_ABOUT_RETURN_TYPE = YES_ERROR;
				GCC_WARN_UNDECLARED_SELECTOR = YES;
				GCC_WARN_UNINITIALIZED_AUTOS = YES_AGGRESSIVE;
				GCC_WARN_UNUSED_FUNCTION = YES;
				GCC_WARN_UNUSED_VARIABLE = YES;
				IPHONEOS_DEPLOYMENT_TARGET = 16.0;
				MTL_ENABLE_DEBUG_INFO = NO;
				MTL_FAST_MATH = YES;
				SDKROOT = iphoneos;
				SWIFT_COMPILATION_MODE = wholemodule;
				SWIFT_OPTIMIZATION_LEVEL = "-O";
				VALIDATE_PRODUCT = YES;
			};
			name = Release;
		};
		C4D40E73290D1FF800CB2656 /* Debug */ = {
			isa = XCBuildConfiguration;
			buildSettings = {
				ASSETCATALOG_COMPILER_APPICON_NAME = AppIcon;
				ASSETCATALOG_COMPILER_GLOBAL_ACCENT_COLOR_NAME = AccentColor;
				CODE_SIGN_STYLE = Automatic;
				CURRENT_PROJECT_VERSION = 1;
				DEVELOPMENT_TEAM = R6QUJ8B44C;
				GENERATE_INFOPLIST_FILE = YES;
				INFOPLIST_FILE = Netflix/Info.plist;
				INFOPLIST_KEY_UIApplicationSupportsIndirectInputEvents = YES;
				INFOPLIST_KEY_UILaunchStoryboardName = LaunchScreen;
				INFOPLIST_KEY_UISupportedInterfaceOrientations_iPad = "UIInterfaceOrientationPortrait UIInterfaceOrientationPortraitUpsideDown UIInterfaceOrientationLandscapeLeft UIInterfaceOrientationLandscapeRight";
				INFOPLIST_KEY_UISupportedInterfaceOrientations_iPhone = "UIInterfaceOrientationPortrait UIInterfaceOrientationLandscapeLeft UIInterfaceOrientationLandscapeRight";
				LD_RUNPATH_SEARCH_PATHS = (
					"$(inherited)",
					"@executable_path/Frameworks",
				);
				MARKETING_VERSION = 1.0;
				PRODUCT_BUNDLE_IDENTIFIER = vladislavs.poznaks.Netflix;
				PRODUCT_NAME = "$(TARGET_NAME)";
				SWIFT_EMIT_LOC_STRINGS = YES;
				SWIFT_VERSION = 5.0;
				TARGETED_DEVICE_FAMILY = "1,2";
			};
			name = Debug;
		};
		C4D40E74290D1FF800CB2656 /* Release */ = {
			isa = XCBuildConfiguration;
			buildSettings = {
				ASSETCATALOG_COMPILER_APPICON_NAME = AppIcon;
				ASSETCATALOG_COMPILER_GLOBAL_ACCENT_COLOR_NAME = AccentColor;
				CODE_SIGN_STYLE = Automatic;
				CURRENT_PROJECT_VERSION = 1;
				DEVELOPMENT_TEAM = R6QUJ8B44C;
				GENERATE_INFOPLIST_FILE = YES;
				INFOPLIST_FILE = Netflix/Info.plist;
				INFOPLIST_KEY_UIApplicationSupportsIndirectInputEvents = YES;
				INFOPLIST_KEY_UILaunchStoryboardName = LaunchScreen;
				INFOPLIST_KEY_UISupportedInterfaceOrientations_iPad = "UIInterfaceOrientationPortrait UIInterfaceOrientationPortraitUpsideDown UIInterfaceOrientationLandscapeLeft UIInterfaceOrientationLandscapeRight";
				INFOPLIST_KEY_UISupportedInterfaceOrientations_iPhone = "UIInterfaceOrientationPortrait UIInterfaceOrientationLandscapeLeft UIInterfaceOrientationLandscapeRight";
				LD_RUNPATH_SEARCH_PATHS = (
					"$(inherited)",
					"@executable_path/Frameworks",
				);
				MARKETING_VERSION = 1.0;
				PRODUCT_BUNDLE_IDENTIFIER = vladislavs.poznaks.Netflix;
				PRODUCT_NAME = "$(TARGET_NAME)";
				SWIFT_EMIT_LOC_STRINGS = YES;
				SWIFT_VERSION = 5.0;
				TARGETED_DEVICE_FAMILY = "1,2";
			};
			name = Release;
		};
/* End XCBuildConfiguration section */

/* Begin XCConfigurationList section */
		C4D40E59290D1FF500CB2656 /* Build configuration list for PBXProject "Netflix" */ = {
			isa = XCConfigurationList;
			buildConfigurations = (
				C4D40E70290D1FF800CB2656 /* Debug */,
				C4D40E71290D1FF800CB2656 /* Release */,
			);
			defaultConfigurationIsVisible = 0;
			defaultConfigurationName = Release;
		};
		C4D40E72290D1FF800CB2656 /* Build configuration list for PBXNativeTarget "Netflix" */ = {
			isa = XCConfigurationList;
			buildConfigurations = (
				C4D40E73290D1FF800CB2656 /* Debug */,
				C4D40E74290D1FF800CB2656 /* Release */,
			);
			defaultConfigurationIsVisible = 0;
			defaultConfigurationName = Release;
		};
/* End XCConfigurationList section */

/* Begin XCRemoteSwiftPackageReference section */
		C4D40E91290F0CB000CB2656 /* XCRemoteSwiftPackageReference "SDWebImage" */ = {
			isa = XCRemoteSwiftPackageReference;
			repositoryURL = "https://github.com/SDWebImage/SDWebImage.git";
			requirement = {
				kind = upToNextMajorVersion;
				minimumVersion = 5.0.0;
			};
		};
/* End XCRemoteSwiftPackageReference section */

/* Begin XCSwiftPackageProductDependency section */
		C4D40E92290F0CB000CB2656 /* SDWebImage */ = {
			isa = XCSwiftPackageProductDependency;
			package = C4D40E91290F0CB000CB2656 /* XCRemoteSwiftPackageReference "SDWebImage" */;
			productName = SDWebImage;
		};
/* End XCSwiftPackageProductDependency section */
	};
	rootObject = C4D40E56290D1FF500CB2656 /* Project object */;
}
